Microsoft Visual Studio Solution File, Format Version 10.00
# Visual Studio 2008
Project("{FAE04EC0-301F-11D3-BF4B-00C04F79EFBC}") = "rivta-bp21-refapp-consumer", "rivta-bp21-refapp-consumer\rivta-bp21-refapp-consumer.csproj", "{2CC4935B-4516-4C82-8055-21295FDD0842}"
EndProject
Project("{FAE04EC0-301F-11D3-BF4B-00C04F79EFBC}") = "rivta-bp21-refapp-schemas", "rivta-bp21-refapp-schemas\rivta-bp21-refapp-schemas.csproj", "{E06BD48E-30B4-49EC-9851-05346E2303E3}"
EndProject
Project("{FAE04EC0-301F-11D3-BF4B-00C04F79EFBC}") = "rivta-bp21-refapp-producer", "rivta-bp21-refapp-producer\rivta-bp21-refapp-producer.csproj", "{257F0A07-D443-4700-9955-28FFA7202425}"
EndProject
Global
	GlobalSection(SolutionConfigurationPlatforms) = preSolution
		Debug|Any CPU = Debug|Any CPU
		Release|Any CPU = Release|Any CPU
	EndGlobalSection
	GlobalSection(ProjectConfigurationPlatforms) = postSolution
		{2CC4935B-4516-4C82-8055-21295FDD0842}.Debug|Any CPU.ActiveCfg = Debug|Any CPU
		{2CC4935B-4516-4C82-8055-21295FDD0842}.Debug|Any CPU.Build.0 = Debug|Any CPU
		{2CC4935B-4516-4C82-8055-21295FDD0842}.Release|Any CPU.ActiveCfg = Release|Any CPU
		{2CC4935B-4516-4C82-8055-21295FDD0842}.Release|Any CPU.Build.0 = Release|Any CPU
		{E06BD48E-30B4-49EC-9851-05346E2303E3}.Debug|Any CPU.ActiveCfg = Debug|Any CPU
		{E06BD48E-30B4-49EC-9851-05346E2303E3}.Debug|Any CPU.Build.0 = Debug|Any CPU
		{E06BD48E-30B4-49EC-9851-05346E2303E3}.Release|Any CPU.ActiveCfg = Release|Any CPU
		{E06BD48E-30B4-49EC-9851-05346E2303E3}.Release|Any CPU.Build.0 = Release|Any CPU
		{257F0A07-D443-4700-9955-28FFA7202425}.Debug|Any CPU.ActiveCfg = Debug|Any CPU
		{257F0A07-D443-4700-9955-28FFA7202425}.Debug|Any CPU.Build.0 = Debug|Any CPU
		{257F0A07-D443-4700-9955-28FFA7202425}.Release|Any CPU.ActiveCfg = Release|Any CPU
		{257F0A07-D443-4700-9955-28FFA7202425}.Release|Any CPU.Build.0 = Release|Any CPU
	EndGlobalSection
	GlobalSection(SolutionProperties) = preSolution
		HideSolutionNode = FALSE
	EndGlobalSection
EndGlobal
